
Microsoft Visual Studio Solution File, Format Version 12.00
# Visual Studio Version 17
VisualStudioVersion = 17.5.33414.496
MinimumVisualStudioVersion = 10.0.40219.1
Project("{FAE04EC0-301F-11D3-BF4B-00C04F79EFBC}") = "cnTabla_De_Multiplicar", "cnTabla_De_Multiplicar.csproj", "{6A64BC26-9EE7-45FE-9F99-59CC91B89BB7}"
EndProject
Global
	GlobalSection(SolutionConfigurationPlatforms) = preSolution
		Debug|Any CPU = Debug|Any CPU
		Release|Any CPU = Release|Any CPU
	EndGlobalSection
	GlobalSection(ProjectConfigurationPlatforms) = postSolution
		{6A64BC26-9EE7-45FE-9F99-59CC91B89BB7}.Debug|Any CPU.ActiveCfg = Debug|Any CPU
		{6A64BC26-9EE7-45FE-9F99-59CC91B89BB7}.Debug|Any CPU.Build.0 = Debug|Any CPU
		{6A64BC26-9EE7-45FE-9F99-59CC91B89BB7}.Release|Any CPU.ActiveCfg = Release|Any CPU
		{6A64BC26-9EE7-45FE-9F99-59CC91B89BB7}.Release|Any CPU.Build.0 = Release|Any CPU
	EndGlobalSection
	GlobalSection(SolutionProperties) = preSolution
		HideSolutionNode = FALSE
	EndGlobalSection
	GlobalSection(ExtensibilityGlobals) = postSolution
		SolutionGuid = {67B2540E-50C1-47C6-AE6B-6A4B34BC2FF4}
	EndGlobalSection
EndGlobal
